
Microsoft Visual Studio Solution File, Format Version 12.00
# Visual Studio Version 16
VisualStudioVersion = 16.0.30907.101
MinimumVisualStudioVersion = 10.0.40219.1
Project("{FAE04EC0-301F-11D3-BF4B-00C04F79EFBC}") = "Homework3", "Homework3.csproj", "{8D88219A-9B1F-46C8-81BB-E47D2F027221}"
EndProject
Global
	GlobalSection(SolutionConfigurationPlatforms) = preSolution
		Debug|Any CPU = Debug|Any CPU
		Release|Any CPU = Release|Any CPU
	EndGlobalSection
	GlobalSection(ProjectConfigurationPlatforms) = postSolution
		{8D88219A-9B1F-46C8-81BB-E47D2F027221}.Debug|Any CPU.ActiveCfg = Debug|Any CPU
		{8D88219A-9B1F-46C8-81BB-E47D2F027221}.Debug|Any CPU.Build.0 = Debug|Any CPU
		{8D88219A-9B1F-46C8-81BB-E47D2F027221}.Release|Any CPU.ActiveCfg = Release|Any CPU
		{8D88219A-9B1F-46C8-81BB-E47D2F027221}.Release|Any CPU.Build.0 = Release|Any CPU
	EndGlobalSection
	GlobalSection(SolutionProperties) = preSolution
		HideSolutionNode = FALSE
	EndGlobalSection
	GlobalSection(ExtensibilityGlobals) = postSolution
		SolutionGuid = {205B2135-8CB7-4F3E-BDA8-FF89F3FFF5B0}
	EndGlobalSection
EndGlobal
